github.com/alphacep/vosk-api v0.3.45 h1:L8JCM0JIe+HHDex3m4KoenjnV0D4HQXEv4PHk+jJR/0=
github.com/alphacep/vosk-api v0.3.45/go.mod h1:4yMGdq4okfhEWX9OpfIhWQmXoniWQ69xWPbfJFK+nDY=
github.com/alphacep/vosk-api/go v0.3.45 h1:kVRykekkz/32tLzIIxbCckLoetDOXyHW5bIois4Ww8k=
github.com/alphacep/vosk-api/go v0.3.45/go.mod h1:9X8IJsHnFk/b1xyvjlZifo+ZL5VTAx3LW+JQce/eRcA=
